# This file is automatically @generated by Veryl.
# It is not intended for manual editing.
version = 1

[[projects]]
name = "veryl_csr"
dependencies = []

[projects.source]
uuid = "86bb49a6-ae24-5c8e-8123-3c9c7ef1a9bd"
url = "https://github.com/perlindgren/veryl_csr"
path = ""
project = "veryl_csr"
version = "0.1.0"
revision = "24b8f8fcd20cfe7f537f7bbb9cc91db60444eaa6"
